<?xml version="1.0" encoding="utf-8"?>
<Project ToolsVersion="4.0" xmlns="http://schemas.microsoft.com/developer/msbuild/2003">
  <ItemGroup>
    <None Include="packages.config" />
  </ItemGroup>
  <ItemGroup>
    <ClCompile Include="vendors\includes\imgui\imgui.cpp">
      <Filter>Vendors\Imgui</Filter>
    </ClCompile>
    <ClCompile Include="vendors\includes\imgui\imgui_demo.cpp">
      <Filter>Vendors\Imgui</Filter>
    </ClCompile>
    <ClCompile Include="vendors\includes\imgui\imgui_draw.cpp">
      <Filter>Vendors\Imgui</Filter>
    </ClCompile>
    <ClCompile Include="vendors\includes\imgui\imgui_impl_opengl3.cpp">
      <Filter>Vendors\Imgui</Filter>
    </ClCompile>
    <ClCompile Include="vendors\includes\imgui\imgui_impl_sdl2.cpp">
      <Filter>Vendors\Imgui</Filter>
    </ClCompile>
    <ClCompile Include="vendors\includes\imgui\imgui_tables.cpp">
      <Filter>Vendors\Imgui</Filter>
    </ClCompile>
    <ClCompile Include="vendors\includes\imgui\imgui_widgets.cpp">
      <Filter>Vendors\Imgui</Filter>
    </ClCompile>
    <ClCompile Include="editor\Editor.cpp">
      <Filter>01_Main</Filter>
    </ClCompile>
    <ClCompile Include="editor\EUI\ImGuiLoader.cpp">
      <Filter>01_Main\EUI</Filter>
    </ClCompile>
    <ClCompile Include="editor\Windows\Hierarchy.cpp">
      <Filter>01_Main\Windows</Filter>
    </ClCompile>
    <ClCompile Include="editor\Windows\SceneView.cpp">
      <Filter>01_Main\Windows</Filter>
    </ClCompile>
    <ClCompile Include="editor\Windows\Inspector.cpp">
      <Filter>01_Main\Windows</Filter>
    </ClCompile>
    <ClCompile Include="editor\Windows\Selection.cpp">
      <Filter>01_Main\Editor</Filter>
    </ClCompile>
    <ClCompile Include="editor\Windows\Gizmos.cpp">
      <Filter>01_Main\Windows</Filter>
    </ClCompile>
    <ClCompile Include="vendors\includes\imgui\ImGuizmo.cpp">
      <Filter>Vendors\Imgui</Filter>
    </ClCompile>
    <ClCompile Include="editor\EUI\EditorInfo.cpp">
      <Filter>01_Main\EUI</Filter>
    </ClCompile>
    <ClCompile Include="editor\Windows\MainBar.cpp">
      <Filter>01_Main\Windows</Filter>
    </ClCompile>
  </ItemGroup>
  <ItemGroup>
    <Filter Include="Vendors">
      <UniqueIdentifier>{6943e906-75bf-4aab-8e03-0e0b9e5ae302}</UniqueIdentifier>
    </Filter>
    <Filter Include="Vendors\Imgui">
      <UniqueIdentifier>{b3cf7c9f-5486-4a17-be1f-32ba292e43df}</UniqueIdentifier>
    </Filter>
    <Filter Include="01_Main">
      <UniqueIdentifier>{9c2a8ff2-9ff7-401d-bcc9-c0eabdcd29dc}</UniqueIdentifier>
    </Filter>
    <Filter Include="01_Main\EUI">
      <UniqueIdentifier>{2243fc2d-e04f-4f4c-a55a-6739780b9c60}</UniqueIdentifier>
    </Filter>
    <Filter Include="01_Main\Windows">
      <UniqueIdentifier>{eaec4594-12c3-4652-bf81-b3f08f8cb8fb}</UniqueIdentifier>
    </Filter>
    <Filter Include="01_Main\Windows\Behaviour">
      <UniqueIdentifier>{ff20efec-90cb-4303-a6c2-b27a31b117cd}</UniqueIdentifier>
    </Filter>
    <Filter Include="01_Main\Editor">
      <UniqueIdentifier>{118c0b58-2ace-4f94-9020-e0fceee3719e}</UniqueIdentifier>
    </Filter>
  </ItemGroup>
  <ItemGroup>
    <ClInclude Include="vendors\includes\imgui\imconfig.h">
      <Filter>Vendors\Imgui</Filter>
    </ClInclude>
    <ClInclude Include="vendors\includes\imgui\imgui.h">
      <Filter>Vendors\Imgui</Filter>
    </ClInclude>
    <ClInclude Include="vendors\includes\imgui\imgui_impl_opengl3.h">
      <Filter>Vendors\Imgui</Filter>
    </ClInclude>
    <ClInclude Include="vendors\includes\imgui\imgui_impl_opengl3_loader.h">
      <Filter>Vendors\Imgui</Filter>
    </ClInclude>
    <ClInclude Include="vendors\includes\imgui\imgui_impl_sdl2.h">
      <Filter>Vendors\Imgui</Filter>
    </ClInclude>
    <ClInclude Include="vendors\includes\imgui\imgui_internal.h">
      <Filter>Vendors\Imgui</Filter>
    </ClInclude>
    <ClInclude Include="vendors\includes\imgui\imstb_rectpack.h">
      <Filter>Vendors\Imgui</Filter>
    </ClInclude>
    <ClInclude Include="vendors\includes\imgui\imstb_textedit.h">
      <Filter>Vendors\Imgui</Filter>
    </ClInclude>
    <ClInclude Include="vendors\includes\imgui\imstb_truetype.h">
      <Filter>Vendors\Imgui</Filter>
    </ClInclude>
    <ClInclude Include="editor\EUI\ImGuiLoader.h">
      <Filter>01_Main\EUI</Filter>
    </ClInclude>
    <ClInclude Include="editor\EUI\ImGuiThemes.h">
      <Filter>01_Main\EUI</Filter>
    </ClInclude>
    <ClInclude Include="editor\Windows\WindowBehaviour.h">
      <Filter>01_Main\Windows\Behaviour</Filter>
    </ClInclude>
    <ClInclude Include="editor\Windows\Hierarchy.h">
      <Filter>01_Main\Windows</Filter>
    </ClInclude>
    <ClInclude Include="editor\Windows\RenderWindows.h">
      <Filter>01_Main\Windows\Behaviour</Filter>
    </ClInclude>
    <ClInclude Include="editor\Windows\SceneView.h">
      <Filter>01_Main\Windows</Filter>
    </ClInclude>
    <ClInclude Include="editor\Windows\Inspector.h">
      <Filter>01_Main\Windows</Filter>
    </ClInclude>
    <ClInclude Include="editor\Windows\Selection.h">
      <Filter>01_Main\Editor</Filter>
    </ClInclude>
    <ClInclude Include="editor\Windows\Gizmos.h">
      <Filter>01_Main\Windows</Filter>
    </ClInclude>
    <ClInclude Include="vendors\includes\imgui\ImGuizmo.h">
      <Filter>Vendors\Imgui</Filter>
    </ClInclude>
    <ClInclude Include="editor\EUI\EditorInfo.h">
      <Filter>01_Main\EUI</Filter>
    </ClInclude>
    <ClInclude Include="editor\Windows\MainBar.h">
      <Filter>01_Main\Windows</Filter>
    </ClInclude>
  </ItemGroup>
</Project>